
Microsoft Visual Studio Solution File, Format Version 12.00
# Visual Studio Version 16
VisualStudioVersion = 16.0.31205.134
MinimumVisualStudioVersion = 10.0.40219.1
Project("{2150E333-8FDC-42A3-9474-1A3956D46DE8}") = "Services", "Services", "{96E9958E-9A4E-49D8-8F83-6D418E17E707}"
EndProject
Project("{2150E333-8FDC-42A3-9474-1A3956D46DE8}") = "Catalog", "Catalog", "{BBF0A1D1-D36A-4418-9039-FBE231BCB8D0}"
EndProject
Project("{9A19103F-16F7-4668-BE54-9A1E7A4F7556}") = "Catalog.API", "Services\Catalog\Catalog.API\Catalog.API.csproj", "{AE866DE7-7B03-414D-B95F-BD6CCCDC57C6}"
EndProject
Project("{E53339B2-1760-4266-BCC7-CA923CBCF16C}") = "docker-compose", "docker-compose.dcproj", "{E6F7EBAD-6A83-46E8-BA51-6BED42F97CD2}"
EndProject
Project("{2150E333-8FDC-42A3-9474-1A3956D46DE8}") = "Basket", "Basket", "{CBB994DF-CC2B-42EB-B41C-3BE6BF2D3CFA}"
EndProject
Project("{9A19103F-16F7-4668-BE54-9A1E7A4F7556}") = "Basket.API", "Services\Basket\Basket.API\Basket.API.csproj", "{78A1C587-06B2-4210-9C4C-EB3A143E694B}"
EndProject
Project("{2150E333-8FDC-42A3-9474-1A3956D46DE8}") = "Discount", "Discount", "{A7E5EBCB-3C1B-4857-9735-E400812B83DC}"
EndProject
Project("{9A19103F-16F7-4668-BE54-9A1E7A4F7556}") = "Discount.API", "Services\Discount\Discount.API\Discount.API.csproj", "{A109751B-A54E-4CA3-9D31-DF147028B064}"
EndProject
Project("{9A19103F-16F7-4668-BE54-9A1E7A4F7556}") = "Discount.Grpc", "Services\Discount\Discount.Grpc\Discount.Grpc.csproj", "{4F9F55D4-103F-4E95-9444-03C5CB00FAAD}"
EndProject
Project("{2150E333-8FDC-42A3-9474-1A3956D46DE8}") = "Ordering", "Ordering", "{F1AB06E6-6901-4180-AD82-B95B505F703A}"
EndProject
Project("{9A19103F-16F7-4668-BE54-9A1E7A4F7556}") = "Ordering.API", "Services\Ordering\Ordering.API\Ordering.API.csproj", "{6CBB222F-3E52-4C27-8E14-21B53A6458E4}"
EndProject
Project("{9A19103F-16F7-4668-BE54-9A1E7A4F7556}") = "Ordering.Domain", "Services\Ordering\Ordering.Domain\Ordering.Domain.csproj", "{B2F1DB9F-6EF9-4BC5-9A52-1A0D9C1F9E75}"
EndProject
Project("{9A19103F-16F7-4668-BE54-9A1E7A4F7556}") = "Ordering.Infrastructure", "Services\Ordering\Ordering.Infrastructure\Ordering.Infrastructure.csproj", "{DFF98E4F-6231-46D0-985D-7782D854665D}"
EndProject
Project("{9A19103F-16F7-4668-BE54-9A1E7A4F7556}") = "Ordering.Application", "Services\Ordering\Ordering.Application\Ordering.Application.csproj", "{72B7F88C-98C8-4F51-B686-3F9CFA9F1915}"
EndProject
Project("{2150E333-8FDC-42A3-9474-1A3956D46DE8}") = "BuildingBlocks", "BuildingBlocks", "{11C631EC-C6FF-4B18-AB7C-9C37E3D17DF3}"
EndProject
Project("{FAE04EC0-301F-11D3-BF4B-00C04F79EFBC}") = "EventBus.Messages", "..\BuildingBlocks\EventBus.Messages\EventBus.Messages.csproj", "{A86BBEAD-56E4-487C-90DC-B9D0A5B864BF}"
EndProject
Global
	GlobalSection(SolutionConfigurationPlatforms) = preSolution
		Debug|Any CPU = Debug|Any CPU
		Release|Any CPU = Release|Any CPU
	EndGlobalSection
	GlobalSection(ProjectConfigurationPlatforms) = postSolution
		{AE866DE7-7B03-414D-B95F-BD6CCCDC57C6}.Debug|Any CPU.ActiveCfg = Debug|Any CPU
		{AE866DE7-7B03-414D-B95F-BD6CCCDC57C6}.Debug|Any CPU.Build.0 = Debug|Any CPU
		{AE866DE7-7B03-414D-B95F-BD6CCCDC57C6}.Release|Any CPU.ActiveCfg = Release|Any CPU
		{AE866DE7-7B03-414D-B95F-BD6CCCDC57C6}.Release|Any CPU.Build.0 = Release|Any CPU
		{E6F7EBAD-6A83-46E8-BA51-6BED42F97CD2}.Debug|Any CPU.ActiveCfg = Debug|Any CPU
		{E6F7EBAD-6A83-46E8-BA51-6BED42F97CD2}.Debug|Any CPU.Build.0 = Debug|Any CPU
		{E6F7EBAD-6A83-46E8-BA51-6BED42F97CD2}.Release|Any CPU.ActiveCfg = Release|Any CPU
		{E6F7EBAD-6A83-46E8-BA51-6BED42F97CD2}.Release|Any CPU.Build.0 = Release|Any CPU
		{78A1C587-06B2-4210-9C4C-EB3A143E694B}.Debug|Any CPU.ActiveCfg = Debug|Any CPU
		{78A1C587-06B2-4210-9C4C-EB3A143E694B}.Debug|Any CPU.Build.0 = Debug|Any CPU
		{78A1C587-06B2-4210-9C4C-EB3A143E694B}.Release|Any CPU.ActiveCfg = Release|Any CPU
		{78A1C587-06B2-4210-9C4C-EB3A143E694B}.Release|Any CPU.Build.0 = Release|Any CPU
		{A109751B-A54E-4CA3-9D31-DF147028B064}.Debug|Any CPU.ActiveCfg = Debug|Any CPU
		{A109751B-A54E-4CA3-9D31-DF147028B064}.Debug|Any CPU.Build.0 = Debug|Any CPU
		{A109751B-A54E-4CA3-9D31-DF147028B064}.Release|Any CPU.ActiveCfg = Release|Any CPU
		{A109751B-A54E-4CA3-9D31-DF147028B064}.Release|Any CPU.Build.0 = Release|Any CPU
		{4F9F55D4-103F-4E95-9444-03C5CB00FAAD}.Debug|Any CPU.ActiveCfg = Debug|Any CPU
		{4F9F55D4-103F-4E95-9444-03C5CB00FAAD}.Debug|Any CPU.Build.0 = Debug|Any CPU
		{4F9F55D4-103F-4E95-9444-03C5CB00FAAD}.Release|Any CPU.ActiveCfg = Release|Any CPU
		{4F9F55D4-103F-4E95-9444-03C5CB00FAAD}.Release|Any CPU.Build.0 = Release|Any CPU
		{6CBB222F-3E52-4C27-8E14-21B53A6458E4}.Debug|Any CPU.ActiveCfg = Debug|Any CPU
		{6CBB222F-3E52-4C27-8E14-21B53A6458E4}.Debug|Any CPU.Build.0 = Debug|Any CPU
		{6CBB222F-3E52-4C27-8E14-21B53A6458E4}.Release|Any CPU.ActiveCfg = Release|Any CPU
		{6CBB222F-3E52-4C27-8E14-21B53A6458E4}.Release|Any CPU.Build.0 = Release|Any CPU
		{B2F1DB9F-6EF9-4BC5-9A52-1A0D9C1F9E75}.Debug|Any CPU.ActiveCfg = Debug|Any CPU
		{B2F1DB9F-6EF9-4BC5-9A52-1A0D9C1F9E75}.Debug|Any CPU.Build.0 = Debug|Any CPU
		{B2F1DB9F-6EF9-4BC5-9A52-1A0D9C1F9E75}.Release|Any CPU.ActiveCfg = Release|Any CPU
		{B2F1DB9F-6EF9-4BC5-9A52-1A0D9C1F9E75}.Release|Any CPU.Build.0 = Release|Any CPU
		{DFF98E4F-6231-46D0-985D-7782D854665D}.Debug|Any CPU.ActiveCfg = Debug|Any CPU
		{DFF98E4F-6231-46D0-985D-7782D854665D}.Debug|Any CPU.Build.0 = Debug|Any CPU
		{DFF98E4F-6231-46D0-985D-7782D854665D}.Release|Any CPU.ActiveCfg = Release|Any CPU
		{DFF98E4F-6231-46D0-985D-7782D854665D}.Release|Any CPU.Build.0 = Release|Any CPU
		{72B7F88C-98C8-4F51-B686-3F9CFA9F1915}.Debug|Any CPU.ActiveCfg = Debug|Any CPU
		{72B7F88C-98C8-4F51-B686-3F9CFA9F1915}.Debug|Any CPU.Build.0 = Debug|Any CPU
		{72B7F88C-98C8-4F51-B686-3F9CFA9F1915}.Release|Any CPU.ActiveCfg = Release|Any CPU
		{72B7F88C-98C8-4F51-B686-3F9CFA9F1915}.Release|Any CPU.Build.0 = Release|Any CPU
		{A86BBEAD-56E4-487C-90DC-B9D0A5B864BF}.Debug|Any CPU.ActiveCfg = Debug|Any CPU
		{A86BBEAD-56E4-487C-90DC-B9D0A5B864BF}.Debug|Any CPU.Build.0 = Debug|Any CPU
		{A86BBEAD-56E4-487C-90DC-B9D0A5B864BF}.Release|Any CPU.ActiveCfg = Release|Any CPU
		{A86BBEAD-56E4-487C-90DC-B9D0A5B864BF}.Release|Any CPU.Build.0 = Release|Any CPU
	EndGlobalSection
	GlobalSection(SolutionProperties) = preSolution
		HideSolutionNode = FALSE
	EndGlobalSection
	GlobalSection(NestedProjects) = preSolution
		{BBF0A1D1-D36A-4418-9039-FBE231BCB8D0} = {96E9958E-9A4E-49D8-8F83-6D418E17E707}
		{AE866DE7-7B03-414D-B95F-BD6CCCDC57C6} = {BBF0A1D1-D36A-4418-9039-FBE231BCB8D0}
		{CBB994DF-CC2B-42EB-B41C-3BE6BF2D3CFA} = {96E9958E-9A4E-49D8-8F83-6D418E17E707}
		{78A1C587-06B2-4210-9C4C-EB3A143E694B} = {CBB994DF-CC2B-42EB-B41C-3BE6BF2D3CFA}
		{A7E5EBCB-3C1B-4857-9735-E400812B83DC} = {96E9958E-9A4E-49D8-8F83-6D418E17E707}
		{A109751B-A54E-4CA3-9D31-DF147028B064} = {A7E5EBCB-3C1B-4857-9735-E400812B83DC}
		{4F9F55D4-103F-4E95-9444-03C5CB00FAAD} = {A7E5EBCB-3C1B-4857-9735-E400812B83DC}
		{F1AB06E6-6901-4180-AD82-B95B505F703A} = {96E9958E-9A4E-49D8-8F83-6D418E17E707}
		{6CBB222F-3E52-4C27-8E14-21B53A6458E4} = {F1AB06E6-6901-4180-AD82-B95B505F703A}
		{B2F1DB9F-6EF9-4BC5-9A52-1A0D9C1F9E75} = {F1AB06E6-6901-4180-AD82-B95B505F703A}
		{DFF98E4F-6231-46D0-985D-7782D854665D} = {F1AB06E6-6901-4180-AD82-B95B505F703A}
		{72B7F88C-98C8-4F51-B686-3F9CFA9F1915} = {F1AB06E6-6901-4180-AD82-B95B505F703A}
		{A86BBEAD-56E4-487C-90DC-B9D0A5B864BF} = {11C631EC-C6FF-4B18-AB7C-9C37E3D17DF3}
	EndGlobalSection
	GlobalSection(ExtensibilityGlobals) = postSolution
		SolutionGuid = {4D4B0E69-F0F6-4E4D-9BA8-F519798EB7DF}
	EndGlobalSection
EndGlobal
